{
  "name": "musikzurfrage",
  "version": "1.0.0",
  "lockfileVersion": 1,
  "requires": true,
  "dependencies": {
    "minimist": {
      "version": "1.2.5",
      "resolved": "https://pkgs.dev.azure.com/togethercca/_packaging/tis-cca/npm/registry/minimist/-/minimist-1.2.5.tgz",
      "integrity": "sha1-Z9ZgFLZqaoqqDAg8X9WN9OTpdgI="
    },
    "ws": {
      "version": "7.2.3",
      "resolved": "https://pkgs.dev.azure.com/togethercca/_packaging/tis-cca/npm/registry/ws/-/ws-7.2.3.tgz",
      "integrity": "sha1-pUEeH7BNXtDv7nbSbVxG2DDDm0Y="
    }
  }
}
